
Microsoft Visual Studio Solution File, Format Version 12.00
# Visual Studio Version 16
VisualStudioVersion = 16.0.31624.102
MinimumVisualStudioVersion = 10.0.40219.1
Project("{FAE04EC0-301F-11D3-BF4B-00C04F79EFBC}") = "UnitTestingPractice", "UnitTestingPractice\UnitTestingPractice.csproj", "{661E5E98-D5F0-464D-B266-37DB9B54471A}"
EndProject
Project("{FAE04EC0-301F-11D3-BF4B-00C04F79EFBC}") = "ArithmeticTestProject", "ArithmeticTestProject\ArithmeticTestProject.csproj", "{EE700486-FEFA-450A-B852-B6B7BC59FFFB}"
EndProject
Global
	GlobalSection(SolutionConfigurationPlatforms) = preSolution
		Debug|Any CPU = Debug|Any CPU
		Release|Any CPU = Release|Any CPU
	EndGlobalSection
	GlobalSection(ProjectConfigurationPlatforms) = postSolution
		{661E5E98-D5F0-464D-B266-37DB9B54471A}.Debug|Any CPU.ActiveCfg = Debug|Any CPU
		{661E5E98-D5F0-464D-B266-37DB9B54471A}.Debug|Any CPU.Build.0 = Debug|Any CPU
		{661E5E98-D5F0-464D-B266-37DB9B54471A}.Release|Any CPU.ActiveCfg = Release|Any CPU
		{661E5E98-D5F0-464D-B266-37DB9B54471A}.Release|Any CPU.Build.0 = Release|Any CPU
		{EE700486-FEFA-450A-B852-B6B7BC59FFFB}.Debug|Any CPU.ActiveCfg = Debug|Any CPU
		{EE700486-FEFA-450A-B852-B6B7BC59FFFB}.Debug|Any CPU.Build.0 = Debug|Any CPU
		{EE700486-FEFA-450A-B852-B6B7BC59FFFB}.Release|Any CPU.ActiveCfg = Release|Any CPU
		{EE700486-FEFA-450A-B852-B6B7BC59FFFB}.Release|Any CPU.Build.0 = Release|Any CPU
	EndGlobalSection
	GlobalSection(SolutionProperties) = preSolution
		HideSolutionNode = FALSE
	EndGlobalSection
	GlobalSection(ExtensibilityGlobals) = postSolution
		SolutionGuid = {B5F718DF-E496-41A7-91C6-3C314D70E5D4}
	EndGlobalSection
EndGlobal
